
Microsoft Visual Studio Solution File, Format Version 12.00
# Visual Studio Version 17
VisualStudioVersion = 17.10.34928.147
MinimumVisualStudioVersion = 10.0.40219.1
Project("{FAE04EC0-301F-11D3-BF4B-00C04F79EFBC}") = "CS_HinhChuNhat", "CS_HinhChuNhat.csproj", "{A553889E-17CF-48AE-B849-13436C6AC29E}"
EndProject
Global
	GlobalSection(SolutionConfigurationPlatforms) = preSolution
		Debug|Any CPU = Debug|Any CPU
		Release|Any CPU = Release|Any CPU
	EndGlobalSection
	GlobalSection(ProjectConfigurationPlatforms) = postSolution
		{A553889E-17CF-48AE-B849-13436C6AC29E}.Debug|Any CPU.ActiveCfg = Debug|Any CPU
		{A553889E-17CF-48AE-B849-13436C6AC29E}.Debug|Any CPU.Build.0 = Debug|Any CPU
		{A553889E-17CF-48AE-B849-13436C6AC29E}.Release|Any CPU.ActiveCfg = Release|Any CPU
		{A553889E-17CF-48AE-B849-13436C6AC29E}.Release|Any CPU.Build.0 = Release|Any CPU
	EndGlobalSection
	GlobalSection(SolutionProperties) = preSolution
		HideSolutionNode = FALSE
	EndGlobalSection
	GlobalSection(ExtensibilityGlobals) = postSolution
		SolutionGuid = {35052514-C5E5-4CB5-8484-B9DB644726DC}
	EndGlobalSection
EndGlobal
